
Microsoft Visual Studio Solution File, Format Version 12.00
# Visual Studio Version 17
VisualStudioVersion = 17.1.32319.34
MinimumVisualStudioVersion = 10.0.40219.1
Project("{FAE04EC0-301F-11D3-BF4B-00C04F79EFBC}") = "ImmoGlobal", "ImmoGlobal\ImmoGlobal.csproj", "{ECA574C8-7AE3-48E6-9F8E-B441BD169CDD}"
EndProject
Global
	GlobalSection(SolutionConfigurationPlatforms) = preSolution
		Debug|Any CPU = Debug|Any CPU
		Release|Any CPU = Release|Any CPU
	EndGlobalSection
	GlobalSection(ProjectConfigurationPlatforms) = postSolution
		{ECA574C8-7AE3-48E6-9F8E-B441BD169CDD}.Debug|Any CPU.ActiveCfg = Debug|Any CPU
		{ECA574C8-7AE3-48E6-9F8E-B441BD169CDD}.Debug|Any CPU.Build.0 = Debug|Any CPU
		{ECA574C8-7AE3-48E6-9F8E-B441BD169CDD}.Release|Any CPU.ActiveCfg = Release|Any CPU
		{ECA574C8-7AE3-48E6-9F8E-B441BD169CDD}.Release|Any CPU.Build.0 = Release|Any CPU
	EndGlobalSection
	GlobalSection(SolutionProperties) = preSolution
		HideSolutionNode = FALSE
	EndGlobalSection
	GlobalSection(ExtensibilityGlobals) = postSolution
		SolutionGuid = {B198FDF9-7C05-4470-9681-0CC5E33ABBF2}
	EndGlobalSection
EndGlobal
